
Microsoft Visual Studio Solution File, Format Version 12.00
# Visual Studio Version 16
VisualStudioVersion = 16.0.31220.234
MinimumVisualStudioVersion = 10.0.40219.1
Project("{FAE04EC0-301F-11D3-BF4B-00C04F79EFBC}") = "WeatherTwentyOne.UWP", "WeatherTwentyOne\WeatherTwentyOne.UWP\WeatherTwentyOne.UWP.csproj", "{6B1F2AB4-597F-4131-9790-DD2A550F1856}"
EndProject
Project("{FAE04EC0-301F-11D3-BF4B-00C04F79EFBC}") = "WeatherTwentyOne.Android", "WeatherTwentyOne\WeatherTwentyOne.Android\WeatherTwentyOne.Android.csproj", "{FC6D1428-E906-4BDC-A1BA-F04FEAF6A217}"
EndProject
Project("{FAE04EC0-301F-11D3-BF4B-00C04F79EFBC}") = "WeatherTwentyOne.iOS", "WeatherTwentyOne\WeatherTwentyOne.iOS\WeatherTwentyOne.iOS.csproj", "{86460DD1-B89A-4432-B2E9-BA5CA9BF0C09}"
EndProject
Project("{FAE04EC0-301F-11D3-BF4B-00C04F79EFBC}") = "WeatherTwentyOne", "WeatherTwentyOne\WeatherTwentyOne\WeatherTwentyOne.csproj", "{F9CEB58F-EDE5-4DCF-8B40-D43B25370BD5}"
EndProject
Global
	GlobalSection(SolutionConfigurationPlatforms) = preSolution
		Debug|Any CPU = Debug|Any CPU
		Debug|ARM = Debug|ARM
		Debug|iPhone = Debug|iPhone
		Debug|iPhoneSimulator = Debug|iPhoneSimulator
		Debug|x64 = Debug|x64
		Debug|x86 = Debug|x86
		Release|Any CPU = Release|Any CPU
		Release|ARM = Release|ARM
		Release|iPhone = Release|iPhone
		Release|iPhoneSimulator = Release|iPhoneSimulator
		Release|x64 = Release|x64
		Release|x86 = Release|x86
	EndGlobalSection
	GlobalSection(ProjectConfigurationPlatforms) = postSolution
		{6B1F2AB4-597F-4131-9790-DD2A550F1856}.Debug|Any CPU.ActiveCfg = Debug|x86
		{6B1F2AB4-597F-4131-9790-DD2A550F1856}.Debug|Any CPU.Build.0 = Debug|x86
		{6B1F2AB4-597F-4131-9790-DD2A550F1856}.Debug|Any CPU.Deploy.0 = Debug|x86
		{6B1F2AB4-597F-4131-9790-DD2A550F1856}.Debug|ARM.ActiveCfg = Debug|ARM
		{6B1F2AB4-597F-4131-9790-DD2A550F1856}.Debug|ARM.Build.0 = Debug|ARM
		{6B1F2AB4-597F-4131-9790-DD2A550F1856}.Debug|ARM.Deploy.0 = Debug|ARM
		{6B1F2AB4-597F-4131-9790-DD2A550F1856}.Debug|iPhone.ActiveCfg = Debug|x86
		{6B1F2AB4-597F-4131-9790-DD2A550F1856}.Debug|iPhone.Build.0 = Debug|x86
		{6B1F2AB4-597F-4131-9790-DD2A550F1856}.Debug|iPhone.Deploy.0 = Debug|x86
		{6B1F2AB4-597F-4131-9790-DD2A550F1856}.Debug|iPhoneSimulator.ActiveCfg = Debug|x86
		{6B1F2AB4-597F-4131-9790-DD2A550F1856}.Debug|iPhoneSimulator.Build.0 = Debug|x86
		{6B1F2AB4-597F-4131-9790-DD2A550F1856}.Debug|iPhoneSimulator.Deploy.0 = Debug|x86
		{6B1F2AB4-597F-4131-9790-DD2A550F1856}.Debug|x64.ActiveCfg = Debug|x64
		{6B1F2AB4-597F-4131-9790-DD2A550F1856}.Debug|x64.Build.0 = Debug|x64
		{6B1F2AB4-597F-4131-9790-DD2A550F1856}.Debug|x64.Deploy.0 = Debug|x64
		{6B1F2AB4-597F-4131-9790-DD2A550F1856}.Debug|x86.ActiveCfg = Debug|x86
		{6B1F2AB4-597F-4131-9790-DD2A550F1856}.Debug|x86.Build.0 = Debug|x86
		{6B1F2AB4-597F-4131-9790-DD2A550F1856}.Debug|x86.Deploy.0 = Debug|x86
		{6B1F2AB4-597F-4131-9790-DD2A550F1856}.Release|Any CPU.ActiveCfg = Release|x86
		{6B1F2AB4-597F-4131-9790-DD2A550F1856}.Release|Any CPU.Build.0 = Release|x86
		{6B1F2AB4-597F-4131-9790-DD2A550F1856}.Release|Any CPU.Deploy.0 = Release|x86
		{6B1F2AB4-597F-4131-9790-DD2A550F1856}.Release|ARM.ActiveCfg = Release|ARM
		{6B1F2AB4-597F-4131-9790-DD2A550F1856}.Release|ARM.Build.0 = Release|ARM
		{6B1F2AB4-597F-4131-9790-DD2A550F1856}.Release|ARM.Deploy.0 = Release|ARM
		{6B1F2AB4-597F-4131-9790-DD2A550F1856}.Release|iPhone.ActiveCfg = Release|x86
		{6B1F2AB4-597F-4131-9790-DD2A550F1856}.Release|iPhone.Build.0 = Release|x86
		{6B1F2AB4-597F-4131-9790-DD2A550F1856}.Release|iPhone.Deploy.0 = Release|x86
		{6B1F2AB4-597F-4131-9790-DD2A550F1856}.Release|iPhoneSimulator.ActiveCfg = Release|x86
		{6B1F2AB4-597F-4131-9790-DD2A550F1856}.Release|iPhoneSimulator.Build.0 = Release|x86
		{6B1F2AB4-597F-4131-9790-DD2A550F1856}.Release|iPhoneSimulator.Deploy.0 = Release|x86
		{6B1F2AB4-597F-4131-9790-DD2A550F1856}.Release|x64.ActiveCfg = Release|x64
		{6B1F2AB4-597F-4131-9790-DD2A550F1856}.Release|x64.Build.0 = Release|x64
		{6B1F2AB4-597F-4131-9790-DD2A550F1856}.Release|x64.Deploy.0 = Release|x64
		{6B1F2AB4-597F-4131-9790-DD2A550F1856}.Release|x86.ActiveCfg = Release|x86
		{6B1F2AB4-597F-4131-9790-DD2A550F1856}.Release|x86.Build.0 = Release|x86
		{6B1F2AB4-597F-4131-9790-DD2A550F1856}.Release|x86.Deploy.0 = Release|x86
		{FC6D1428-E906-4BDC-A1BA-F04FEAF6A217}.Debug|Any CPU.ActiveCfg = Debug|Any CPU
		{FC6D1428-E906-4BDC-A1BA-F04FEAF6A217}.Debug|Any CPU.Build.0 = Debug|Any CPU
		{FC6D1428-E906-4BDC-A1BA-F04FEAF6A217}.Debug|Any CPU.Deploy.0 = Debug|Any CPU
		{FC6D1428-E906-4BDC-A1BA-F04FEAF6A217}.Debug|ARM.ActiveCfg = Debug|Any CPU
		{FC6D1428-E906-4BDC-A1BA-F04FEAF6A217}.Debug|ARM.Build.0 = Debug|Any CPU
		{FC6D1428-E906-4BDC-A1BA-F04FEAF6A217}.Debug|ARM.Deploy.0 = Debug|Any CPU
		{FC6D1428-E906-4BDC-A1BA-F04FEAF6A217}.Debug|iPhone.ActiveCfg = Debug|Any CPU
		{FC6D1428-E906-4BDC-A1BA-F04FEAF6A217}.Debug|iPhone.Build.0 = Debug|Any CPU
		{FC6D1428-E906-4BDC-A1BA-F04FEAF6A217}.Debug|iPhone.Deploy.0 = Debug|Any CPU
		{FC6D1428-E906-4BDC-A1BA-F04FEAF6A217}.Debug|iPhoneSimulator.ActiveCfg = Debug|Any CPU
		{FC6D1428-E906-4BDC-A1BA-F04FEAF6A217}.Debug|iPhoneSimulator.Build.0 = Debug|Any CPU
		{FC6D1428-E906-4BDC-A1BA-F04FEAF6A217}.Debug|iPhoneSimulator.Deploy.0 = Debug|Any CPU
		{FC6D1428-E906-4BDC-A1BA-F04FEAF6A217}.Debug|x64.ActiveCfg = Debug|Any CPU
		{FC6D1428-E906-4BDC-A1BA-F04FEAF6A217}.Debug|x64.Build.0 = Debug|Any CPU
		{FC6D1428-E906-4BDC-A1BA-F04FEAF6A217}.Debug|x64.Deploy.0 = Debug|Any CPU
		{FC6D1428-E906-4BDC-A1BA-F04FEAF6A217}.Debug|x86.ActiveCfg = Debug|Any CPU
		{FC6D1428-E906-4BDC-A1BA-F04FEAF6A217}.Debug|x86.Build.0 = Debug|Any CPU
		{FC6D1428-E906-4BDC-A1BA-F04FEAF6A217}.Debug|x86.Deploy.0 = Debug|Any CPU
		{FC6D1428-E906-4BDC-A1BA-F04FEAF6A217}.Release|Any CPU.ActiveCfg = Release|Any CPU
		{FC6D1428-E906-4BDC-A1BA-F04FEAF6A217}.Release|Any CPU.Build.0 = Release|Any CPU
		{FC6D1428-E906-4BDC-A1BA-F04FEAF6A217}.Release|Any CPU.Deploy.0 = Release|Any CPU
		{FC6D1428-E906-4BDC-A1BA-F04FEAF6A217}.Release|ARM.ActiveCfg = Release|Any CPU
		{FC6D1428-E906-4BDC-A1BA-F04FEAF6A217}.Release|ARM.Build.0 = Release|Any CPU
		{FC6D1428-E906-4BDC-A1BA-F04FEAF6A217}.Release|ARM.Deploy.0 = Release|Any CPU
		{FC6D1428-E906-4BDC-A1BA-F04FEAF6A217}.Release|iPhone.ActiveCfg = Release|Any CPU
		{FC6D1428-E906-4BDC-A1BA-F04FEAF6A217}.Release|iPhone.Build.0 = Release|Any CPU
		{FC6D1428-E906-4BDC-A1BA-F04FEAF6A217}.Release|iPhone.Deploy.0 = Release|Any CPU
		{FC6D1428-E906-4BDC-A1BA-F04FEAF6A217}.Release|iPhoneSimulator.ActiveCfg = Release|Any CPU
		{FC6D1428-E906-4BDC-A1BA-F04FEAF6A217}.Release|iPhoneSimulator.Build.0 = Release|Any CPU
		{FC6D1428-E906-4BDC-A1BA-F04FEAF6A217}.Release|iPhoneSimulator.Deploy.0 = Release|Any CPU
		{FC6D1428-E906-4BDC-A1BA-F04FEAF6A217}.Release|x64.ActiveCfg = Release|Any CPU
		{FC6D1428-E906-4BDC-A1BA-F04FEAF6A217}.Release|x64.Build.0 = Release|Any CPU
		{FC6D1428-E906-4BDC-A1BA-F04FEAF6A217}.Release|x64.Deploy.0 = Release|Any CPU
		{FC6D1428-E906-4BDC-A1BA-F04FEAF6A217}.Release|x86.ActiveCfg = Release|Any CPU
		{FC6D1428-E906-4BDC-A1BA-F04FEAF6A217}.Release|x86.Build.0 = Release|Any CPU
		{FC6D1428-E906-4BDC-A1BA-F04FEAF6A217}.Release|x86.Deploy.0 = Release|Any CPU
		{86460DD1-B89A-4432-B2E9-BA5CA9BF0C09}.Debug|Any CPU.ActiveCfg = Debug|iPhoneSimulator
		{86460DD1-B89A-4432-B2E9-BA5CA9BF0C09}.Debug|Any CPU.Build.0 = Debug|iPhoneSimulator
		{86460DD1-B89A-4432-B2E9-BA5CA9BF0C09}.Debug|Any CPU.Deploy.0 = Debug|iPhoneSimulator
		{86460DD1-B89A-4432-B2E9-BA5CA9BF0C09}.Debug|ARM.ActiveCfg = Debug|iPhone
		{86460DD1-B89A-4432-B2E9-BA5CA9BF0C09}.Debug|ARM.Build.0 = Debug|iPhone
		{86460DD1-B89A-4432-B2E9-BA5CA9BF0C09}.Debug|ARM.Deploy.0 = Debug|iPhone
		{86460DD1-B89A-4432-B2E9-BA5CA9BF0C09}.Debug|iPhone.ActiveCfg = Debug|iPhone
		{86460DD1-B89A-4432-B2E9-BA5CA9BF0C09}.Debug|iPhone.Build.0 = Debug|iPhone
		{86460DD1-B89A-4432-B2E9-BA5CA9BF0C09}.Debug|iPhone.Deploy.0 = Debug|iPhone
		{86460DD1-B89A-4432-B2E9-BA5CA9BF0C09}.Debug|iPhoneSimulator.ActiveCfg = Debug|iPhoneSimulator
		{86460DD1-B89A-4432-B2E9-BA5CA9BF0C09}.Debug|iPhoneSimulator.Build.0 = Debug|iPhoneSimulator
		{86460DD1-B89A-4432-B2E9-BA5CA9BF0C09}.Debug|iPhoneSimulator.Deploy.0 = Debug|iPhoneSimulator
		{86460DD1-B89A-4432-B2E9-BA5CA9BF0C09}.Debug|x64.ActiveCfg = Debug|iPhoneSimulator
		{86460DD1-B89A-4432-B2E9-BA5CA9BF0C09}.Debug|x64.Build.0 = Debug|iPhoneSimulator
		{86460DD1-B89A-4432-B2E9-BA5CA9BF0C09}.Debug|x64.Deploy.0 = Debug|iPhoneSimulator
		{86460DD1-B89A-4432-B2E9-BA5CA9BF0C09}.Debug|x86.ActiveCfg = Debug|iPhoneSimulator
		{86460DD1-B89A-4432-B2E9-BA5CA9BF0C09}.Debug|x86.Build.0 = Debug|iPhoneSimulator
		{86460DD1-B89A-4432-B2E9-BA5CA9BF0C09}.Debug|x86.Deploy.0 = Debug|iPhoneSimulator
		{86460DD1-B89A-4432-B2E9-BA5CA9BF0C09}.Release|Any CPU.ActiveCfg = Release|iPhoneSimulator
		{86460DD1-B89A-4432-B2E9-BA5CA9BF0C09}.Release|Any CPU.Build.0 = Release|iPhoneSimulator
		{86460DD1-B89A-4432-B2E9-BA5CA9BF0C09}.Release|Any CPU.Deploy.0 = Release|iPhoneSimulator
		{86460DD1-B89A-4432-B2E9-BA5CA9BF0C09}.Release|ARM.ActiveCfg = Release|iPhoneSimulator
		{86460DD1-B89A-4432-B2E9-BA5CA9BF0C09}.Release|ARM.Build.0 = Release|iPhoneSimulator
		{86460DD1-B89A-4432-B2E9-BA5CA9BF0C09}.Release|ARM.Deploy.0 = Release|iPhoneSimulator
		{86460DD1-B89A-4432-B2E9-BA5CA9BF0C09}.Release|iPhone.ActiveCfg = Release|iPhone
		{86460DD1-B89A-4432-B2E9-BA5CA9BF0C09}.Release|iPhone.Build.0 = Release|iPhone
		{86460DD1-B89A-4432-B2E9-BA5CA9BF0C09}.Release|iPhone.Deploy.0 = Release|iPhone
		{86460DD1-B89A-4432-B2E9-BA5CA9BF0C09}.Release|iPhoneSimulator.ActiveCfg = Release|iPhoneSimulator
		{86460DD1-B89A-4432-B2E9-BA5CA9BF0C09}.Release|iPhoneSimulator.Build.0 = Release|iPhoneSimulator
		{86460DD1-B89A-4432-B2E9-BA5CA9BF0C09}.Release|iPhoneSimulator.Deploy.0 = Release|iPhoneSimulator
		{86460DD1-B89A-4432-B2E9-BA5CA9BF0C09}.Release|x64.ActiveCfg = Release|iPhoneSimulator
		{86460DD1-B89A-4432-B2E9-BA5CA9BF0C09}.Release|x64.Build.0 = Release|iPhoneSimulator
		{86460DD1-B89A-4432-B2E9-BA5CA9BF0C09}.Release|x64.Deploy.0 = Release|iPhoneSimulator
		{86460DD1-B89A-4432-B2E9-BA5CA9BF0C09}.Release|x86.ActiveCfg = Release|iPhoneSimulator
		{86460DD1-B89A-4432-B2E9-BA5CA9BF0C09}.Release|x86.Build.0 = Release|iPhoneSimulator
		{86460DD1-B89A-4432-B2E9-BA5CA9BF0C09}.Release|x86.Deploy.0 = Release|iPhoneSimulator
		{F9CEB58F-EDE5-4DCF-8B40-D43B25370BD5}.Debug|Any CPU.ActiveCfg = Debug|Any CPU
		{F9CEB58F-EDE5-4DCF-8B40-D43B25370BD5}.Debug|Any CPU.Build.0 = Debug|Any CPU
		{F9CEB58F-EDE5-4DCF-8B40-D43B25370BD5}.Debug|Any CPU.Deploy.0 = Debug|Any CPU
		{F9CEB58F-EDE5-4DCF-8B40-D43B25370BD5}.Debug|ARM.ActiveCfg = Debug|Any CPU
		{F9CEB58F-EDE5-4DCF-8B40-D43B25370BD5}.Debug|ARM.Build.0 = Debug|Any CPU
		{F9CEB58F-EDE5-4DCF-8B40-D43B25370BD5}.Debug|ARM.Deploy.0 = Debug|Any CPU
		{F9CEB58F-EDE5-4DCF-8B40-D43B25370BD5}.Debug|iPhone.ActiveCfg = Debug|Any CPU
		{F9CEB58F-EDE5-4DCF-8B40-D43B25370BD5}.Debug|iPhone.Build.0 = Debug|Any CPU
		{F9CEB58F-EDE5-4DCF-8B40-D43B25370BD5}.Debug|iPhone.Deploy.0 = Debug|Any CPU
		{F9CEB58F-EDE5-4DCF-8B40-D43B25370BD5}.Debug|iPhoneSimulator.ActiveCfg = Debug|Any CPU
		{F9CEB58F-EDE5-4DCF-8B40-D43B25370BD5}.Debug|iPhoneSimulator.Build.0 = Debug|Any CPU
		{F9CEB58F-EDE5-4DCF-8B40-D43B25370BD5}.Debug|iPhoneSimulator.Deploy.0 = Debug|Any CPU
		{F9CEB58F-EDE5-4DCF-8B40-D43B25370BD5}.Debug|x64.ActiveCfg = Debug|Any CPU
		{F9CEB58F-EDE5-4DCF-8B40-D43B25370BD5}.Debug|x64.Build.0 = Debug|Any CPU
		{F9CEB58F-EDE5-4DCF-8B40-D43B25370BD5}.Debug|x64.Deploy.0 = Debug|Any CPU
		{F9CEB58F-EDE5-4DCF-8B40-D43B25370BD5}.Debug|x86.ActiveCfg = Debug|Any CPU
		{F9CEB58F-EDE5-4DCF-8B40-D43B25370BD5}.Debug|x86.Build.0 = Debug|Any CPU
		{F9CEB58F-EDE5-4DCF-8B40-D43B25370BD5}.Debug|x86.Deploy.0 = Debug|Any CPU
		{F9CEB58F-EDE5-4DCF-8B40-D43B25370BD5}.Release|Any CPU.ActiveCfg = Release|Any CPU
		{F9CEB58F-EDE5-4DCF-8B40-D43B25370BD5}.Release|Any CPU.Build.0 = Release|Any CPU
		{F9CEB58F-EDE5-4DCF-8B40-D43B25370BD5}.Release|Any CPU.Deploy.0 = Release|Any CPU
		{F9CEB58F-EDE5-4DCF-8B40-D43B25370BD5}.Release|ARM.ActiveCfg = Release|Any CPU
		{F9CEB58F-EDE5-4DCF-8B40-D43B25370BD5}.Release|ARM.Build.0 = Release|Any CPU
		{F9CEB58F-EDE5-4DCF-8B40-D43B25370BD5}.Release|ARM.Deploy.0 = Release|Any CPU
		{F9CEB58F-EDE5-4DCF-8B40-D43B25370BD5}.Release|iPhone.ActiveCfg = Release|Any CPU
		{F9CEB58F-EDE5-4DCF-8B40-D43B25370BD5}.Release|iPhone.Build.0 = Release|Any CPU
		{F9CEB58F-EDE5-4DCF-8B40-D43B25370BD5}.Release|iPhone.Deploy.0 = Release|Any CPU
		{F9CEB58F-EDE5-4DCF-8B40-D43B25370BD5}.Release|iPhoneSimulator.ActiveCfg = Release|Any CPU
		{F9CEB58F-EDE5-4DCF-8B40-D43B25370BD5}.Release|iPhoneSimulator.Build.0 = Release|Any CPU
		{F9CEB58F-EDE5-4DCF-8B40-D43B25370BD5}.Release|iPhoneSimulator.Deploy.0 = Release|Any CPU
		{F9CEB58F-EDE5-4DCF-8B40-D43B25370BD5}.Release|x64.ActiveCfg = Release|Any CPU
		{F9CEB58F-EDE5-4DCF-8B40-D43B25370BD5}.Release|x64.Build.0 = Release|Any CPU
		{F9CEB58F-EDE5-4DCF-8B40-D43B25370BD5}.Release|x64.Deploy.0 = Release|Any CPU
		{F9CEB58F-EDE5-4DCF-8B40-D43B25370BD5}.Release|x86.ActiveCfg = Release|Any CPU
		{F9CEB58F-EDE5-4DCF-8B40-D43B25370BD5}.Release|x86.Build.0 = Release|Any CPU
		{F9CEB58F-EDE5-4DCF-8B40-D43B25370BD5}.Release|x86.Deploy.0 = Release|Any CPU
	EndGlobalSection
	GlobalSection(SolutionProperties) = preSolution
		HideSolutionNode = FALSE
	EndGlobalSection
	GlobalSection(ExtensibilityGlobals) = postSolution
		SolutionGuid = {61F7FB11-1E47-470C-91E2-47F8143E1572}
	EndGlobalSection
EndGlobal
